
Microsoft Visual Studio Solution File, Format Version 12.00
# Visual Studio Version 17
VisualStudioVersion = 17.9.34902.65
MinimumVisualStudioVersion = 10.0.40219.1
Project("{9A19103F-16F7-4668-BE54-9A1E7A4F7556}") = "VolunteerManagmentAPI", "SavanoriuAtrinkimoSistemaAPI\VolunteerManagmentAPI.csproj", "{4F5847EA-9568-4C76-A142-1A2DD848C7F8}"
EndProject
Project("{9A19103F-16F7-4668-BE54-9A1E7A4F7556}") = "VolunteerManagmentLibrary", "VolunteerLibrary\VolunteerManagmentLibrary.csproj", "{D932E991-9A5D-436A-BF70-401FC3283D81}"
EndProject
Project("{9A19103F-16F7-4668-BE54-9A1E7A4F7556}") = "VolunteerManagmentConsole", "VolunteerManagmentConsole\VolunteerManagmentConsole.csproj", "{DD75AF66-96E0-42FF-BD92-DE4904A75C68}"
EndProject
Project("{FAE04EC0-301F-11D3-BF4B-00C04F79EFBC}") = "BaigiamasisDarbas.Tests", "BaigiamasisDarbas.Tests\BaigiamasisDarbas.Tests.csproj", "{E539BB4C-3E7A-4AEC-9192-6992A24C9641}"
EndProject
Global
	GlobalSection(SolutionConfigurationPlatforms) = preSolution
		Debug|Any CPU = Debug|Any CPU
		Release|Any CPU = Release|Any CPU
	EndGlobalSection
	GlobalSection(ProjectConfigurationPlatforms) = postSolution
		{4F5847EA-9568-4C76-A142-1A2DD848C7F8}.Debug|Any CPU.ActiveCfg = Debug|Any CPU
		{4F5847EA-9568-4C76-A142-1A2DD848C7F8}.Debug|Any CPU.Build.0 = Debug|Any CPU
		{4F5847EA-9568-4C76-A142-1A2DD848C7F8}.Release|Any CPU.ActiveCfg = Release|Any CPU
		{4F5847EA-9568-4C76-A142-1A2DD848C7F8}.Release|Any CPU.Build.0 = Release|Any CPU
		{D932E991-9A5D-436A-BF70-401FC3283D81}.Debug|Any CPU.ActiveCfg = Debug|Any CPU
		{D932E991-9A5D-436A-BF70-401FC3283D81}.Debug|Any CPU.Build.0 = Debug|Any CPU
		{D932E991-9A5D-436A-BF70-401FC3283D81}.Release|Any CPU.ActiveCfg = Release|Any CPU
		{D932E991-9A5D-436A-BF70-401FC3283D81}.Release|Any CPU.Build.0 = Release|Any CPU
		{DD75AF66-96E0-42FF-BD92-DE4904A75C68}.Debug|Any CPU.ActiveCfg = Debug|Any CPU
		{DD75AF66-96E0-42FF-BD92-DE4904A75C68}.Debug|Any CPU.Build.0 = Debug|Any CPU
		{DD75AF66-96E0-42FF-BD92-DE4904A75C68}.Release|Any CPU.ActiveCfg = Release|Any CPU
		{DD75AF66-96E0-42FF-BD92-DE4904A75C68}.Release|Any CPU.Build.0 = Release|Any CPU
		{E539BB4C-3E7A-4AEC-9192-6992A24C9641}.Debug|Any CPU.ActiveCfg = Debug|Any CPU
		{E539BB4C-3E7A-4AEC-9192-6992A24C9641}.Debug|Any CPU.Build.0 = Debug|Any CPU
		{E539BB4C-3E7A-4AEC-9192-6992A24C9641}.Release|Any CPU.ActiveCfg = Release|Any CPU
		{E539BB4C-3E7A-4AEC-9192-6992A24C9641}.Release|Any CPU.Build.0 = Release|Any CPU
	EndGlobalSection
	GlobalSection(SolutionProperties) = preSolution
		HideSolutionNode = FALSE
	EndGlobalSection
	GlobalSection(ExtensibilityGlobals) = postSolution
		SolutionGuid = {DAF71A17-81E2-4B6C-AF70-1FE7C39F011D}
	EndGlobalSection
EndGlobal
